
Microsoft Visual Studio Solution File, Format Version 12.00
# Visual Studio Version 17
VisualStudioVersion = 17.9.34701.34
MinimumVisualStudioVersion = 10.0.40219.1
Project("{FAE04EC0-301F-11D3-BF4B-00C04F79EFBC}") = "XSLT-Transformation", "XSLT-Transformation.csproj", "{DD61A02C-15D3-43A3-9067-26223B7BC209}"
EndProject
Global
	GlobalSection(SolutionConfigurationPlatforms) = preSolution
		Debug|Any CPU = Debug|Any CPU
		Release|Any CPU = Release|Any CPU
	EndGlobalSection
	GlobalSection(ProjectConfigurationPlatforms) = postSolution
		{DD61A02C-15D3-43A3-9067-26223B7BC209}.Debug|Any CPU.ActiveCfg = Debug|Any CPU
		{DD61A02C-15D3-43A3-9067-26223B7BC209}.Debug|Any CPU.Build.0 = Debug|Any CPU
		{DD61A02C-15D3-43A3-9067-26223B7BC209}.Release|Any CPU.ActiveCfg = Release|Any CPU
		{DD61A02C-15D3-43A3-9067-26223B7BC209}.Release|Any CPU.Build.0 = Release|Any CPU
	EndGlobalSection
	GlobalSection(SolutionProperties) = preSolution
		HideSolutionNode = FALSE
	EndGlobalSection
	GlobalSection(ExtensibilityGlobals) = postSolution
		SolutionGuid = {F8D5025D-2B56-49F4-9187-B88C7475804A}
	EndGlobalSection
EndGlobal
